
Microsoft Visual Studio Solution File, Format Version 12.00
# Visual Studio Version 16
VisualStudioVersion = 16.0.30128.74
MinimumVisualStudioVersion = 10.0.40219.1
Project("{FAE04EC0-301F-11D3-BF4B-00C04F79EFBC}") = "MP1_Trilogy_Rando_Generator", "MP1_Trilogy_Rando_Generator\MP1_Trilogy_Rando_Generator.csproj", "{A14DAA8F-8AD5-4130-910F-94227ADB57F3}"
EndProject
Project("{FAE04EC0-301F-11D3-BF4B-00C04F79EFBC}") = "ppcasm_cs", "ppcasm_cs\ppcasm_cs\ppcasm_cs.csproj", "{D7B05604-9633-4E57-9FD3-1E6F5956B0F6}"
EndProject
Global
	GlobalSection(SolutionConfigurationPlatforms) = preSolution
		Debug|Any CPU = Debug|Any CPU
		Debug|x64 = Debug|x64
		Debug|x86 = Debug|x86
		Release|Any CPU = Release|Any CPU
		Release|x64 = Release|x64
		Release|x86 = Release|x86
	EndGlobalSection
	GlobalSection(ProjectConfigurationPlatforms) = postSolution
		{A14DAA8F-8AD5-4130-910F-94227ADB57F3}.Debug|Any CPU.ActiveCfg = Debug|Any CPU
		{A14DAA8F-8AD5-4130-910F-94227ADB57F3}.Debug|Any CPU.Build.0 = Debug|Any CPU
		{A14DAA8F-8AD5-4130-910F-94227ADB57F3}.Debug|x64.ActiveCfg = Debug|Any CPU
		{A14DAA8F-8AD5-4130-910F-94227ADB57F3}.Debug|x64.Build.0 = Debug|Any CPU
		{A14DAA8F-8AD5-4130-910F-94227ADB57F3}.Debug|x86.ActiveCfg = Debug|Any CPU
		{A14DAA8F-8AD5-4130-910F-94227ADB57F3}.Debug|x86.Build.0 = Debug|Any CPU
		{A14DAA8F-8AD5-4130-910F-94227ADB57F3}.Release|Any CPU.ActiveCfg = Release|Any CPU
		{A14DAA8F-8AD5-4130-910F-94227ADB57F3}.Release|Any CPU.Build.0 = Release|Any CPU
		{A14DAA8F-8AD5-4130-910F-94227ADB57F3}.Release|x64.ActiveCfg = Release|Any CPU
		{A14DAA8F-8AD5-4130-910F-94227ADB57F3}.Release|x64.Build.0 = Release|Any CPU
		{A14DAA8F-8AD5-4130-910F-94227ADB57F3}.Release|x86.ActiveCfg = Release|Any CPU
		{A14DAA8F-8AD5-4130-910F-94227ADB57F3}.Release|x86.Build.0 = Release|Any CPU
		{D7B05604-9633-4E57-9FD3-1E6F5956B0F6}.Debug|Any CPU.ActiveCfg = Debug|Any CPU
		{D7B05604-9633-4E57-9FD3-1E6F5956B0F6}.Debug|Any CPU.Build.0 = Debug|Any CPU
		{D7B05604-9633-4E57-9FD3-1E6F5956B0F6}.Debug|x64.ActiveCfg = Debug|Any CPU
		{D7B05604-9633-4E57-9FD3-1E6F5956B0F6}.Debug|x64.Build.0 = Debug|Any CPU
		{D7B05604-9633-4E57-9FD3-1E6F5956B0F6}.Debug|x86.ActiveCfg = Debug|Any CPU
		{D7B05604-9633-4E57-9FD3-1E6F5956B0F6}.Debug|x86.Build.0 = Debug|Any CPU
		{D7B05604-9633-4E57-9FD3-1E6F5956B0F6}.Release|Any CPU.ActiveCfg = Release|Any CPU
		{D7B05604-9633-4E57-9FD3-1E6F5956B0F6}.Release|Any CPU.Build.0 = Release|Any CPU
		{D7B05604-9633-4E57-9FD3-1E6F5956B0F6}.Release|x64.ActiveCfg = Release|Any CPU
		{D7B05604-9633-4E57-9FD3-1E6F5956B0F6}.Release|x64.Build.0 = Release|Any CPU
		{D7B05604-9633-4E57-9FD3-1E6F5956B0F6}.Release|x86.ActiveCfg = Release|Any CPU
		{D7B05604-9633-4E57-9FD3-1E6F5956B0F6}.Release|x86.Build.0 = Release|Any CPU
	EndGlobalSection
	GlobalSection(SolutionProperties) = preSolution
		HideSolutionNode = FALSE
	EndGlobalSection
	GlobalSection(ExtensibilityGlobals) = postSolution
		SolutionGuid = {57FFC84A-3734-48A9-8D80-8EF96217E5AA}
	EndGlobalSection
EndGlobal
